
Microsoft Visual Studio Solution File, Format Version 12.00
Project("{2150E333-8FDC-42A3-9474-1A3956D46DE8}") = "src", "src", "{456C51E9-D34C-4F55-A7D8-AE4F59103C2C}"
EndProject
Project("{2150E333-8FDC-42A3-9474-1A3956D46DE8}") = "tests", "tests", "{1A4DDB66-997C-4BF5-BAE8-5B86868F415A}"
EndProject
Project("{FAE04EC0-301F-11D3-BF4B-00C04F79EFBC}") = "FairwayFinder.Web", "src\FairwayFinder.Web\FairwayFinder.Web.csproj", "{DE170238-4E2B-4B8E-B21B-EF3705C1CEB5}"
EndProject
Project("{FAE04EC0-301F-11D3-BF4B-00C04F79EFBC}") = "FairwayFinder.Core", "src\FairwayFinder.Core\FairwayFinder.Core.csproj", "{6BD18759-E06D-407C-8D8D-698A1F9D6C30}"
EndProject
Global
	GlobalSection(SolutionConfigurationPlatforms) = preSolution
		Debug|Any CPU = Debug|Any CPU
		Release|Any CPU = Release|Any CPU
	EndGlobalSection
	GlobalSection(NestedProjects) = preSolution
		{B3531D14-977F-4817-9B7E-EAC23ECDAE17} = {1258756C-0374-4050-8051-573060D074E2}
		{DE170238-4E2B-4B8E-B21B-EF3705C1CEB5} = {456C51E9-D34C-4F55-A7D8-AE4F59103C2C}
		{6BD18759-E06D-407C-8D8D-698A1F9D6C30} = {456C51E9-D34C-4F55-A7D8-AE4F59103C2C}
	EndGlobalSection
	GlobalSection(ProjectConfigurationPlatforms) = postSolution
		{B3531D14-977F-4817-9B7E-EAC23ECDAE17}.Debug|Any CPU.ActiveCfg = Debug|Any CPU
		{B3531D14-977F-4817-9B7E-EAC23ECDAE17}.Debug|Any CPU.Build.0 = Debug|Any CPU
		{B3531D14-977F-4817-9B7E-EAC23ECDAE17}.Release|Any CPU.ActiveCfg = Release|Any CPU
		{B3531D14-977F-4817-9B7E-EAC23ECDAE17}.Release|Any CPU.Build.0 = Release|Any CPU
		{897A6441-BAD6-4CA1-B090-62B701045F5D}.Debug|Any CPU.ActiveCfg = Debug|Any CPU
		{897A6441-BAD6-4CA1-B090-62B701045F5D}.Debug|Any CPU.Build.0 = Debug|Any CPU
		{897A6441-BAD6-4CA1-B090-62B701045F5D}.Release|Any CPU.ActiveCfg = Release|Any CPU
		{897A6441-BAD6-4CA1-B090-62B701045F5D}.Release|Any CPU.Build.0 = Release|Any CPU
		{DE170238-4E2B-4B8E-B21B-EF3705C1CEB5}.Debug|Any CPU.ActiveCfg = Debug|Any CPU
		{DE170238-4E2B-4B8E-B21B-EF3705C1CEB5}.Debug|Any CPU.Build.0 = Debug|Any CPU
		{DE170238-4E2B-4B8E-B21B-EF3705C1CEB5}.Release|Any CPU.ActiveCfg = Release|Any CPU
		{DE170238-4E2B-4B8E-B21B-EF3705C1CEB5}.Release|Any CPU.Build.0 = Release|Any CPU
		{6BD18759-E06D-407C-8D8D-698A1F9D6C30}.Debug|Any CPU.ActiveCfg = Debug|Any CPU
		{6BD18759-E06D-407C-8D8D-698A1F9D6C30}.Debug|Any CPU.Build.0 = Debug|Any CPU
		{6BD18759-E06D-407C-8D8D-698A1F9D6C30}.Release|Any CPU.ActiveCfg = Release|Any CPU
		{6BD18759-E06D-407C-8D8D-698A1F9D6C30}.Release|Any CPU.Build.0 = Release|Any CPU
	EndGlobalSection
EndGlobal
